
Microsoft Visual Studio Solution File, Format Version 12.00
# Visual Studio Version 17
VisualStudioVersion = 17.14.36623.8 d17.14
MinimumVisualStudioVersion = 10.0.40219.1
Project("{FAE04EC0-301F-11D3-BF4B-00C04F79EFBC}") = "LABA2_14AST", "LABA2_14AST\LABA2_14AST.csproj", "{41EAEE70-A788-44C8-B471-835F0A5B9BF3}"
EndProject
Global
	GlobalSection(SolutionConfigurationPlatforms) = preSolution
		Debug|Any CPU = Debug|Any CPU
		Release|Any CPU = Release|Any CPU
	EndGlobalSection
	GlobalSection(ProjectConfigurationPlatforms) = postSolution
		{41EAEE70-A788-44C8-B471-835F0A5B9BF3}.Debug|Any CPU.ActiveCfg = Debug|Any CPU
		{41EAEE70-A788-44C8-B471-835F0A5B9BF3}.Debug|Any CPU.Build.0 = Debug|Any CPU
		{41EAEE70-A788-44C8-B471-835F0A5B9BF3}.Release|Any CPU.ActiveCfg = Release|Any CPU
		{41EAEE70-A788-44C8-B471-835F0A5B9BF3}.Release|Any CPU.Build.0 = Release|Any CPU
	EndGlobalSection
	GlobalSection(SolutionProperties) = preSolution
		HideSolutionNode = FALSE
	EndGlobalSection
	GlobalSection(ExtensibilityGlobals) = postSolution
		SolutionGuid = {F4E537F9-AF61-43F4-A356-4B8B113CAEF5}
	EndGlobalSection
EndGlobal
